<?xml version="1.0" encoding="utf-8"?>
<Project ToolsVersion="4.0" xmlns="http://schemas.microsoft.com/developer/msbuild/2003">
  <ItemGroup>
    <Filter Include="egdb">
      <UniqueIdentifier>{746dea84-f5b1-4b94-b1ad-085a59bb05b8}</UniqueIdentifier>
    </Filter>
    <Filter Include="builddb">
      <UniqueIdentifier>{b792d6c4-0dcf-499e-894f-8406fd4fe6ac}</UniqueIdentifier>
    </Filter>
    <Filter Include="engine">
      <UniqueIdentifier>{cf6d2fca-6417-4059-94da-c20a5f25b16d}</UniqueIdentifier>
    </Filter>
    <Filter Include="example">
      <UniqueIdentifier>{5e7959b5-0f9c-4160-8866-351abcb5d4ef}</UniqueIdentifier>
    </Filter>
  </ItemGroup>
  <ItemGroup>
    <ClInclude Include="..\egdb\egdb_intl.h">
      <Filter>egdb</Filter>
    </ClInclude>
    <ClInclude Include="..\builddb\compression_tables.h">
      <Filter>builddb</Filter>
    </ClInclude>
    <ClInclude Include="..\builddb\indexing.h">
      <Filter>builddb</Filter>
    </ClInclude>
    <ClInclude Include="..\builddb\tunstall_decompress.h">
      <Filter>builddb</Filter>
    </ClInclude>
    <ClInclude Include="..\egdb\crc.h">
      <Filter>egdb</Filter>
    </ClInclude>
    <ClInclude Include="..\egdb\egdb_common.h">
      <Filter>egdb</Filter>
    </ClInclude>
    <ClInclude Include="..\engine\bicoef.h">
      <Filter>engine</Filter>
    </ClInclude>
    <ClInclude Include="..\engine\bitcount.h">
      <Filter>engine</Filter>
    </ClInclude>
    <ClInclude Include="..\engine\board.h">
      <Filter>engine</Filter>
    </ClInclude>
    <ClInclude Include="..\engine\bool.h">
      <Filter>engine</Filter>
    </ClInclude>
    <ClInclude Include="..\engine\lock.h">
      <Filter>engine</Filter>
    </ClInclude>
    <ClInclude Include="..\engine\project.h">
      <Filter>engine</Filter>
    </ClInclude>
    <ClInclude Include="..\engine\reverse.h">
      <Filter>engine</Filter>
    </ClInclude>
  </ItemGroup>
  <ItemGroup>
    <ClCompile Include="main.cpp">
      <Filter>example</Filter>
    </ClCompile>
    <ClCompile Include="..\builddb\compression_tables.cpp">
      <Filter>builddb</Filter>
    </ClCompile>
    <ClCompile Include="..\builddb\indexing.cpp">
      <Filter>builddb</Filter>
    </ClCompile>
    <ClCompile Include="..\egdb\crc.cpp">
      <Filter>egdb</Filter>
    </ClCompile>
    <ClCompile Include="..\egdb\egdb_common.cpp">
      <Filter>egdb</Filter>
    </ClCompile>
    <ClCompile Include="..\egdb\egdb_identify.cpp">
      <Filter>egdb</Filter>
    </ClCompile>
    <ClCompile Include="..\egdb\egdb_mtc_runlen.cpp">
      <Filter>egdb</Filter>
    </ClCompile>
    <ClCompile Include="..\egdb\egdb_open.cpp">
      <Filter>egdb</Filter>
    </ClCompile>
    <ClCompile Include="..\egdb\egdb_wld_huffman.cpp">
      <Filter>egdb</Filter>
    </ClCompile>
    <ClCompile Include="..\egdb\egdb_wld_runlen.cpp">
      <Filter>egdb</Filter>
    </ClCompile>
    <ClCompile Include="..\egdb\egdb_wld_tunstall_v1.cpp">
      <Filter>egdb</Filter>
    </ClCompile>
    <ClCompile Include="..\egdb\egdb_wld_tunstall_v2.cpp">
      <Filter>egdb</Filter>
    </ClCompile>
    <ClCompile Include="..\engine\bicoef.cpp">
      <Filter>engine</Filter>
    </ClCompile>
    <ClCompile Include="..\engine\bitcount.cpp">
      <Filter>engine</Filter>
    </ClCompile>
    <ClCompile Include="..\engine\board.cpp">
      <Filter>engine</Filter>
    </ClCompile>
    <ClCompile Include="..\engine\reverse.cpp">
      <Filter>engine</Filter>
    </ClCompile>
  </ItemGroup>
  <ItemGroup>
    <Text Include="..\egdb\huffman_decompress.txt">
      <Filter>egdb</Filter>
    </Text>
    <Text Include="..\egdb\tunstall_decompress_v1.txt">
      <Filter>egdb</Filter>
    </Text>
    <Text Include="..\egdb\tunstall_decompress_v2.txt">
      <Filter>egdb</Filter>
    </Text>
  </ItemGroup>
</Project>